
Microsoft Visual Studio Solution File, Format Version 12.00
# Visual Studio Version 17
VisualStudioVersion = 17.0.31903.59
MinimumVisualStudioVersion = 10.0.40219.1
Project("{2150E333-8FDC-42A3-9474-1A3956D46DE8}") = "src", "src", "{827E0CD3-B72D-47B6-A68D-7590B98EB39B}"
EndProject
Project("{2150E333-8FDC-42A3-9474-1A3956D46DE8}") = "tests", "tests", "{A1B2C3D4-E5F6-7890-ABCD-EF1234567890}"
EndProject
Project("{FAE04EC0-301F-11D3-BF4B-00C04F79EFBC}") = "ACI.Domain", "src\ACI.Domain\ACI.Domain.csproj", "{705D65FE-DE8E-466C-84E5-1AAAD4079458}"
EndProject
Project("{FAE04EC0-301F-11D3-BF4B-00C04F79EFBC}") = "ACI.Application", "src\ACI.Application\ACI.Application.csproj", "{4F36F622-DB36-450E-8313-B9E31C7604E0}"
EndProject
Project("{FAE04EC0-301F-11D3-BF4B-00C04F79EFBC}") = "ACI.Infrastructure", "src\ACI.Infrastructure\ACI.Infrastructure.csproj", "{01AEFBCB-DBA6-405A-8E59-2B5248CBCBCC}"
EndProject
Project("{FAE04EC0-301F-11D3-BF4B-00C04F79EFBC}") = "ACI.WebApi", "src\ACI.WebApi\ACI.WebApi.csproj", "{D8E52AEC-3FC2-4787-AD7D-B546B281688A}"
EndProject
Project("{FAE04EC0-301F-11D3-BF4B-00C04F79EFBC}") = "ACI.Application.Tests", "tests\ACI.Application.Tests\ACI.Application.Tests.csproj", "{B1C2D3E4-F5A6-7890-BCDE-F12345678901}"
EndProject
Project("{FAE04EC0-301F-11D3-BF4B-00C04F79EFBC}") = "ACI.WebApi.Tests", "tests\ACI.WebApi.Tests\ACI.WebApi.Tests.csproj", "{C2D3E4F5-A6B7-8901-CDEF-123456789012}"
EndProject
Global
	GlobalSection(SolutionConfigurationPlatforms) = preSolution
		Debug|Any CPU = Debug|Any CPU
		Debug|x64 = Debug|x64
		Debug|x86 = Debug|x86
		Release|Any CPU = Release|Any CPU
		Release|x64 = Release|x64
		Release|x86 = Release|x86
	EndGlobalSection
	GlobalSection(ProjectConfigurationPlatforms) = postSolution
		{705D65FE-DE8E-466C-84E5-1AAAD4079458}.Debug|Any CPU.ActiveCfg = Debug|Any CPU
		{705D65FE-DE8E-466C-84E5-1AAAD4079458}.Debug|Any CPU.Build.0 = Debug|Any CPU
		{705D65FE-DE8E-466C-84E5-1AAAD4079458}.Debug|x64.ActiveCfg = Debug|Any CPU
		{705D65FE-DE8E-466C-84E5-1AAAD4079458}.Debug|x64.Build.0 = Debug|Any CPU
		{705D65FE-DE8E-466C-84E5-1AAAD4079458}.Debug|x86.ActiveCfg = Debug|Any CPU
		{705D65FE-DE8E-466C-84E5-1AAAD4079458}.Debug|x86.Build.0 = Debug|Any CPU
		{705D65FE-DE8E-466C-84E5-1AAAD4079458}.Release|Any CPU.ActiveCfg = Release|Any CPU
		{705D65FE-DE8E-466C-84E5-1AAAD4079458}.Release|Any CPU.Build.0 = Release|Any CPU
		{705D65FE-DE8E-466C-84E5-1AAAD4079458}.Release|x64.ActiveCfg = Release|Any CPU
		{705D65FE-DE8E-466C-84E5-1AAAD4079458}.Release|x64.Build.0 = Release|Any CPU
		{705D65FE-DE8E-466C-84E5-1AAAD4079458}.Release|x86.ActiveCfg = Release|Any CPU
		{705D65FE-DE8E-466C-84E5-1AAAD4079458}.Release|x86.Build.0 = Release|Any CPU
		{4F36F622-DB36-450E-8313-B9E31C7604E0}.Debug|Any CPU.ActiveCfg = Debug|Any CPU
		{4F36F622-DB36-450E-8313-B9E31C7604E0}.Debug|Any CPU.Build.0 = Debug|Any CPU
		{4F36F622-DB36-450E-8313-B9E31C7604E0}.Debug|x64.ActiveCfg = Debug|Any CPU
		{4F36F622-DB36-450E-8313-B9E31C7604E0}.Debug|x64.Build.0 = Debug|Any CPU
		{4F36F622-DB36-450E-8313-B9E31C7604E0}.Debug|x86.ActiveCfg = Debug|Any CPU
		{4F36F622-DB36-450E-8313-B9E31C7604E0}.Debug|x86.Build.0 = Debug|Any CPU
		{4F36F622-DB36-450E-8313-B9E31C7604E0}.Release|Any CPU.ActiveCfg = Release|Any CPU
		{4F36F622-DB36-450E-8313-B9E31C7604E0}.Release|Any CPU.Build.0 = Release|Any CPU
		{4F36F622-DB36-450E-8313-B9E31C7604E0}.Release|x64.ActiveCfg = Release|Any CPU
		{4F36F622-DB36-450E-8313-B9E31C7604E0}.Release|x64.Build.0 = Release|Any CPU
		{4F36F622-DB36-450E-8313-B9E31C7604E0}.Release|x86.ActiveCfg = Release|Any CPU
		{4F36F622-DB36-450E-8313-B9E31C7604E0}.Release|x86.Build.0 = Release|Any CPU
		{01AEFBCB-DBA6-405A-8E59-2B5248CBCBCC}.Debug|Any CPU.ActiveCfg = Debug|Any CPU
		{01AEFBCB-DBA6-405A-8E59-2B5248CBCBCC}.Debug|Any CPU.Build.0 = Debug|Any CPU
		{01AEFBCB-DBA6-405A-8E59-2B5248CBCBCC}.Debug|x64.ActiveCfg = Debug|Any CPU
		{01AEFBCB-DBA6-405A-8E59-2B5248CBCBCC}.Debug|x64.Build.0 = Debug|Any CPU
		{01AEFBCB-DBA6-405A-8E59-2B5248CBCBCC}.Debug|x86.ActiveCfg = Debug|Any CPU
		{01AEFBCB-DBA6-405A-8E59-2B5248CBCBCC}.Debug|x86.Build.0 = Debug|Any CPU
		{01AEFBCB-DBA6-405A-8E59-2B5248CBCBCC}.Release|Any CPU.ActiveCfg = Release|Any CPU
		{01AEFBCB-DBA6-405A-8E59-2B5248CBCBCC}.Release|Any CPU.Build.0 = Release|Any CPU
		{01AEFBCB-DBA6-405A-8E59-2B5248CBCBCC}.Release|x64.ActiveCfg = Release|Any CPU
		{01AEFBCB-DBA6-405A-8E59-2B5248CBCBCC}.Release|x64.Build.0 = Release|Any CPU
		{01AEFBCB-DBA6-405A-8E59-2B5248CBCBCC}.Release|x86.ActiveCfg = Release|Any CPU
		{01AEFBCB-DBA6-405A-8E59-2B5248CBCBCC}.Release|x86.Build.0 = Release|Any CPU
		{D8E52AEC-3FC2-4787-AD7D-B546B281688A}.Debug|Any CPU.ActiveCfg = Debug|Any CPU
		{D8E52AEC-3FC2-4787-AD7D-B546B281688A}.Debug|Any CPU.Build.0 = Debug|Any CPU
		{D8E52AEC-3FC2-4787-AD7D-B546B281688A}.Debug|x64.ActiveCfg = Debug|Any CPU
		{D8E52AEC-3FC2-4787-AD7D-B546B281688A}.Debug|x64.Build.0 = Debug|Any CPU
		{D8E52AEC-3FC2-4787-AD7D-B546B281688A}.Debug|x86.ActiveCfg = Debug|Any CPU
		{D8E52AEC-3FC2-4787-AD7D-B546B281688A}.Debug|x86.Build.0 = Debug|Any CPU
		{D8E52AEC-3FC2-4787-AD7D-B546B281688A}.Release|Any CPU.ActiveCfg = Release|Any CPU
		{D8E52AEC-3FC2-4787-AD7D-B546B281688A}.Release|Any CPU.Build.0 = Release|Any CPU
		{D8E52AEC-3FC2-4787-AD7D-B546B281688A}.Release|x64.ActiveCfg = Release|Any CPU
		{D8E52AEC-3FC2-4787-AD7D-B546B281688A}.Release|x64.Build.0 = Release|Any CPU
		{D8E52AEC-3FC2-4787-AD7D-B546B281688A}.Release|x86.ActiveCfg = Release|Any CPU
		{D8E52AEC-3FC2-4787-AD7D-B546B281688A}.Release|x86.Build.0 = Release|Any CPU
		{B1C2D3E4-F5A6-7890-BCDE-F12345678901}.Debug|Any CPU.ActiveCfg = Debug|Any CPU
		{B1C2D3E4-F5A6-7890-BCDE-F12345678901}.Debug|Any CPU.Build.0 = Debug|Any CPU
		{B1C2D3E4-F5A6-7890-BCDE-F12345678901}.Debug|x64.ActiveCfg = Debug|Any CPU
		{B1C2D3E4-F5A6-7890-BCDE-F12345678901}.Debug|x64.Build.0 = Debug|Any CPU
		{B1C2D3E4-F5A6-7890-BCDE-F12345678901}.Debug|x86.ActiveCfg = Debug|Any CPU
		{B1C2D3E4-F5A6-7890-BCDE-F12345678901}.Debug|x86.Build.0 = Debug|Any CPU
		{B1C2D3E4-F5A6-7890-BCDE-F12345678901}.Release|Any CPU.ActiveCfg = Release|Any CPU
		{B1C2D3E4-F5A6-7890-BCDE-F12345678901}.Release|Any CPU.Build.0 = Release|Any CPU
		{B1C2D3E4-F5A6-7890-BCDE-F12345678901}.Release|x64.ActiveCfg = Release|Any CPU
		{B1C2D3E4-F5A6-7890-BCDE-F12345678901}.Release|x64.Build.0 = Release|Any CPU
		{B1C2D3E4-F5A6-7890-BCDE-F12345678901}.Release|x86.ActiveCfg = Release|Any CPU
		{B1C2D3E4-F5A6-7890-BCDE-F12345678901}.Release|x86.Build.0 = Release|Any CPU
		{C2D3E4F5-A6B7-8901-CDEF-123456789012}.Debug|Any CPU.ActiveCfg = Debug|Any CPU
		{C2D3E4F5-A6B7-8901-CDEF-123456789012}.Debug|Any CPU.Build.0 = Debug|Any CPU
		{C2D3E4F5-A6B7-8901-CDEF-123456789012}.Debug|x64.ActiveCfg = Debug|Any CPU
		{C2D3E4F5-A6B7-8901-CDEF-123456789012}.Debug|x64.Build.0 = Debug|Any CPU
		{C2D3E4F5-A6B7-8901-CDEF-123456789012}.Debug|x86.ActiveCfg = Debug|Any CPU
		{C2D3E4F5-A6B7-8901-CDEF-123456789012}.Debug|x86.Build.0 = Debug|Any CPU
		{C2D3E4F5-A6B7-8901-CDEF-123456789012}.Release|Any CPU.ActiveCfg = Release|Any CPU
		{C2D3E4F5-A6B7-8901-CDEF-123456789012}.Release|Any CPU.Build.0 = Release|Any CPU
		{C2D3E4F5-A6B7-8901-CDEF-123456789012}.Release|x64.ActiveCfg = Release|Any CPU
		{C2D3E4F5-A6B7-8901-CDEF-123456789012}.Release|x64.Build.0 = Release|Any CPU
		{C2D3E4F5-A6B7-8901-CDEF-123456789012}.Release|x86.ActiveCfg = Release|Any CPU
		{C2D3E4F5-A6B7-8901-CDEF-123456789012}.Release|x86.Build.0 = Release|Any CPU
	EndGlobalSection
	GlobalSection(SolutionProperties) = preSolution
		HideSolutionNode = FALSE
	EndGlobalSection
	GlobalSection(NestedProjects) = preSolution
		{705D65FE-DE8E-466C-84E5-1AAAD4079458} = {827E0CD3-B72D-47B6-A68D-7590B98EB39B}
		{4F36F622-DB36-450E-8313-B9E31C7604E0} = {827E0CD3-B72D-47B6-A68D-7590B98EB39B}
		{01AEFBCB-DBA6-405A-8E59-2B5248CBCBCC} = {827E0CD3-B72D-47B6-A68D-7590B98EB39B}
		{D8E52AEC-3FC2-4787-AD7D-B546B281688A} = {827E0CD3-B72D-47B6-A68D-7590B98EB39B}
		{B1C2D3E4-F5A6-7890-BCDE-F12345678901} = {A1B2C3D4-E5F6-7890-ABCD-EF1234567890}
		{C2D3E4F5-A6B7-8901-CDEF-123456789012} = {A1B2C3D4-E5F6-7890-ABCD-EF1234567890}
	EndGlobalSection
EndGlobal
